# @generated - this file is auto-generated by `mise lock` https://mise.en.dev/dev-tools/mise-lock.html

[[tools.claude]]
version = "2.1.233"
backend = "aqua:anthropics/claude-code"

[tools.claude."platforms.linux-arm64"]
checksum = "sha256:b5ca70610eadee40a82c6fa74f5f873eb70d5fde94bdc67df1c51416eb45e72b"
url = "https://github.com/anthropics/claude-code/releases/download/v2.1.233/claude-linux-arm64.tar.gz"
url_api = "https://api.github.com/repos/anthropics/claude-code/releases/assets/514776713"

[tools.claude."platforms.linux-arm64-musl"]
checksum = "sha256:33a2e2183848677a87553931236cee8e8a4656d03bfd6ad9fbc34df00f3cdf2d"
url = "https://github.com/anthropics/claude-code/releases/download/v2.1.233/claude-linux-arm64-musl.tar.gz"
url_api = "https://api.github.com/repos/anthropics/claude-code/releases/assets/514776715"

[tools.claude."platforms.linux-x64"]
checksum = "sha256:23eec49e0453a3a7b9d933228cb09639fc0bcd962039258d8e4cde72fa5b8741"
url = "https://github.com/anthropics/claude-code/releases/download/v2.1.233/claude-linux-x64.tar.gz"
url_api = "https://api.github.com/repos/anthropics/claude-code/releases/assets/514776844"

[tools.claude."platforms.linux-x64-musl"]
checksum = "sha256:91b3f3a8d1c011f3bebd2ddff2dfea53ffab7c57cc2400961173e298e90be3eb"
url = "https://github.com/anthropics/claude-code/releases/download/v2.1.233/claude-linux-x64-musl.tar.gz"
url_api = "https://api.github.com/repos/anthropics/claude-code/releases/assets/514776711"

[tools.claude."platforms.macos-arm64"]
checksum = "sha256:5dce92ccd93173fead018f2a8262189da88c7d6fffbaa666b7a81a6b05f72afe"
url = "https://github.com/anthropics/claude-code/releases/download/v2.1.233/claude-darwin-arm64.tar.gz"
url_api = "https://api.github.com/repos/anthropics/claude-code/releases/assets/514776720"

[tools.claude."platforms.macos-x64"]
checksum = "sha256:84a820ad17e08eaef497dfd8cd282b86b7a59dbedd18f2780aa7e82ef8b9373a"
url = "https://github.com/anthropics/claude-code/releases/download/v2.1.233/claude-darwin-x64.tar.gz"
url_api = "https://api.github.com/repos/anthropics/claude-code/releases/assets/514776716"

[tools.claude."platforms.windows-x64"]
checksum = "sha256:f435123fcfc637598a9d70332bc1244a58cb5bc471897e21508ed3e6b8db84ae"
url = "https://github.com/anthropics/claude-code/releases/download/v2.1.233/claude-win32-x64.zip"
url_api = "https://api.github.com/repos/anthropics/claude-code/releases/assets/514776856"

[[tools.node]]
version = "24.19.0"
backend = "core:node"

[tools.node."platforms.linux-arm64"]
checksum = "sha256:d28c8a5bf0a808f0ed434a1dce8c54ae98f0371c0bd86ac58abc613f73e6643f"
url = "https://nodejs.org/dist/v24.19.0/node-v24.19.0-linux-arm64.tar.gz"

[tools.node."platforms.linux-arm64-musl"]
checksum = "sha256:20824e4d35948fae5b337dccef47813b04d8995312f59df7386f2256d9f9ab7e"
url = "https://unofficial-builds.nodejs.org/download/release/v24.19.0/node-v24.19.0-linux-arm64-musl.tar.gz"

[tools.node."platforms.linux-x64"]
checksum = "sha256:f625d97cd707df4ff96254916fbc5ff014f09c09effe5a1e0ca8f6d41a8789d4"
url = "https://nodejs.org/dist/v24.19.0/node-v24.19.0-linux-x64.tar.gz"

[tools.node."platforms.linux-x64-musl"]
checksum = "sha256:c60223786df14a5d23e220ebb8e60318f5322640a62f90e6d9e54d3a18da532e"
url = "https://unofficial-builds.nodejs.org/download/release/v24.19.0/node-v24.19.0-linux-x64-musl.tar.gz"

[tools.node."platforms.macos-arm64"]
checksum = "sha256:8294b7aa9b03997481c06babf1e8b270c859358f27da57a11509afe537ac381d"
url = "https://nodejs.org/dist/v24.19.0/node-v24.19.0-darwin-arm64.tar.gz"

[tools.node."platforms.macos-x64"]
checksum = "sha256:d1b5e999db158c62fe8f7267a4476b035d8bd93b1a605bac24a3f0dd166e3316"
url = "https://nodejs.org/dist/v24.19.0/node-v24.19.0-darwin-x64.tar.gz"

[tools.node."platforms.windows-x64"]
checksum = "sha256:57f71ab3652e797d84acddc79c81cc9ff1c6ddb2a1974cdb83f00fee9bff4c73"
url = "https://nodejs.org/dist/v24.19.0/node-v24.19.0-win-x64.zip"

[[tools."npm:@playwright/cli"]]
version = "0.1.18"
backend = "npm:@playwright/cli"

[[tools."npm:ccusage"]]
version = "20.0.19"
backend = "npm:ccusage"

[[tools.pnpm]]
version = "11.21.0"
backend = "aqua:pnpm/pnpm"

[tools.pnpm."platforms.linux-arm64"]
checksum = "sha256:64eb219b008f7a4c176d81fbce919c20b0b7e093e815cbb669d46e681451f43b"
url = "https://github.com/pnpm/pnpm/releases/download/v11.21.0/pnpm-linux-arm64.tar.gz"
url_api = "https://api.github.com/repos/pnpm/pnpm/releases/assets/507585528"
provenance = "github-attestations"

[tools.pnpm."platforms.linux-arm64-musl"]
checksum = "sha256:43587a1f3d26ee009c640378ef377cac3531990579acf0f35646531b7832831d"
url = "https://github.com/pnpm/pnpm/releases/download/v11.21.0/pnpm-linux-arm64-musl.tar.gz"
url_api = "https://api.github.com/repos/pnpm/pnpm/releases/assets/507585511"
provenance = "github-attestations"

[tools.pnpm."platforms.linux-x64"]
checksum = "sha256:aadc489ce4473c2af0fec06a5c19e113b5793d404eac49853c8153bf4b0d8263"
url = "https://github.com/pnpm/pnpm/releases/download/v11.21.0/pnpm-linux-x64.tar.gz"
url_api = "https://api.github.com/repos/pnpm/pnpm/releases/assets/507585503"
provenance = "github-attestations"

[tools.pnpm."platforms.linux-x64-musl"]
checksum = "sha256:8cad0a4d20318c0445d992630ace51edc0853fd259573f50ee5d0216dce9b420"
url = "https://github.com/pnpm/pnpm/releases/download/v11.21.0/pnpm-linux-x64-musl.tar.gz"
url_api = "https://api.github.com/repos/pnpm/pnpm/releases/assets/507585524"
provenance = "github-attestations"

[tools.pnpm."platforms.macos-arm64"]
checksum = "sha256:860a96978a79ca5132bdc247375f94150a3c98edbecbee36e9f8e0c9e2f7f056"
url = "https://github.com/pnpm/pnpm/releases/download/v11.21.0/pnpm-darwin-arm64.tar.gz"
url_api = "https://api.github.com/repos/pnpm/pnpm/releases/assets/507585526"
provenance = "github-attestations"

[tools.pnpm."platforms.windows-x64"]
checksum = "sha256:6643043caa3b01c65c431039926a2af954326d5cefbdb4da7baceceb17f5051f"
url = "https://github.com/pnpm/pnpm/releases/download/v11.21.0/pnpm-win32-x64.zip"
url_api = "https://api.github.com/repos/pnpm/pnpm/releases/assets/507585516"
provenance = "github-attestations"

[[tools.uv]]
version = "0.12.5"
backend = "aqua:astral-sh/uv"

[tools.uv."platforms.linux-arm64"]
checksum = "sha256:8767a0e77f2cd45436401b1b42bf7e9ed5a4a91a74a5305d6fe93249d0f6dbc5"
url = "https://github.com/astral-sh/uv/releases/download/0.12.5/uv-aarch64-unknown-linux-musl.tar.gz"
url_api = "https://api.github.com/repos/astral-sh/uv/releases/assets/514850993"
provenance = "github-attestations"

[tools.uv."platforms.linux-arm64-musl"]
checksum = "sha256:8767a0e77f2cd45436401b1b42bf7e9ed5a4a91a74a5305d6fe93249d0f6dbc5"
url = "https://github.com/astral-sh/uv/releases/download/0.12.5/uv-aarch64-unknown-linux-musl.tar.gz"
url_api = "https://api.github.com/repos/astral-sh/uv/releases/assets/514850993"
provenance = "github-attestations"

[tools.uv."platforms.linux-x64"]
checksum = "sha256:a4742988791c9aeae68c78150d6cba762062ad2a47e53738c2779d2b596bfcdb"
url = "https://github.com/astral-sh/uv/releases/download/0.12.5/uv-x86_64-unknown-linux-musl.tar.gz"
url_api = "https://api.github.com/repos/astral-sh/uv/releases/assets/514851105"
provenance = "github-attestations"

[tools.uv."platforms.linux-x64-musl"]
checksum = "sha256:a4742988791c9aeae68c78150d6cba762062ad2a47e53738c2779d2b596bfcdb"
url = "https://github.com/astral-sh/uv/releases/download/0.12.5/uv-x86_64-unknown-linux-musl.tar.gz"
url_api = "https://api.github.com/repos/astral-sh/uv/releases/assets/514851105"
provenance = "github-attestations"

[tools.uv."platforms.macos-arm64"]
checksum = "sha256:5bb0e5fe008a773c3dbcb97ff79cd89e1241464fe9d2f986d52ad8f1b037bd62"
url = "https://github.com/astral-sh/uv/releases/download/0.12.5/uv-aarch64-apple-darwin.tar.gz"
url_api = "https://api.github.com/repos/astral-sh/uv/releases/assets/514850968"
provenance = "github-attestations"

[tools.uv."platforms.macos-x64"]
checksum = "sha256:b3b2137477cf96c9686ebfb71524614cec780c673fd73e59bce099aef02e70e8"
url = "https://github.com/astral-sh/uv/releases/download/0.12.5/uv-x86_64-apple-darwin.tar.gz"
url_api = "https://api.github.com/repos/astral-sh/uv/releases/assets/514851078"
provenance = "github-attestations"

[tools.uv."platforms.windows-x64"]
checksum = "sha256:4c4d49d8738847d9b71ba319e49a5688c93eac0fe6204b1df24e98528dddf39a"
url = "https://github.com/astral-sh/uv/releases/download/0.12.5/uv-x86_64-pc-windows-msvc.zip"
url_api = "https://api.github.com/repos/astral-sh/uv/releases/assets/514851084"
provenance = "github-attestations"
